
Microsoft Visual Studio Solution File, Format Version 12.00
# Visual Studio Version 17
VisualStudioVersion = 17.0.31903.59
MinimumVisualStudioVersion = 10.0.40219.1
Project("{FAE04EC0-301F-11D3-BF4B-00C04F79EFBC}") = "TBalans.Domain", "TBalans.Domain\TBalans.Domain.csproj", "{009C0144-55A7-402A-B49E-25C9A8FA35FA}"
EndProject
Project("{FAE04EC0-301F-11D3-BF4B-00C04F79EFBC}") = "TBalans.Infrastructure", "TBalans.Infrastructure\TBalans.Infrastructure.csproj", "{37D91A8D-0523-482F-A862-12BAC42745B5}"
EndProject
Global
	GlobalSection(SolutionConfigurationPlatforms) = preSolution
		Debug|Any CPU = Debug|Any CPU
		Debug|x64 = Debug|x64
		Debug|x86 = Debug|x86
		Release|Any CPU = Release|Any CPU
		Release|x64 = Release|x64
		Release|x86 = Release|x86
	EndGlobalSection
	GlobalSection(ProjectConfigurationPlatforms) = postSolution
		{009C0144-55A7-402A-B49E-25C9A8FA35FA}.Debug|Any CPU.ActiveCfg = Debug|Any CPU
		{009C0144-55A7-402A-B49E-25C9A8FA35FA}.Debug|Any CPU.Build.0 = Debug|Any CPU
		{009C0144-55A7-402A-B49E-25C9A8FA35FA}.Debug|x64.ActiveCfg = Debug|Any CPU
		{009C0144-55A7-402A-B49E-25C9A8FA35FA}.Debug|x64.Build.0 = Debug|Any CPU
		{009C0144-55A7-402A-B49E-25C9A8FA35FA}.Debug|x86.ActiveCfg = Debug|Any CPU
		{009C0144-55A7-402A-B49E-25C9A8FA35FA}.Debug|x86.Build.0 = Debug|Any CPU
		{009C0144-55A7-402A-B49E-25C9A8FA35FA}.Release|Any CPU.ActiveCfg = Release|Any CPU
		{009C0144-55A7-402A-B49E-25C9A8FA35FA}.Release|Any CPU.Build.0 = Release|Any CPU
		{009C0144-55A7-402A-B49E-25C9A8FA35FA}.Release|x64.ActiveCfg = Release|Any CPU
		{009C0144-55A7-402A-B49E-25C9A8FA35FA}.Release|x64.Build.0 = Release|Any CPU
		{009C0144-55A7-402A-B49E-25C9A8FA35FA}.Release|x86.ActiveCfg = Release|Any CPU
		{009C0144-55A7-402A-B49E-25C9A8FA35FA}.Release|x86.Build.0 = Release|Any CPU
		{37D91A8D-0523-482F-A862-12BAC42745B5}.Debug|Any CPU.ActiveCfg = Debug|Any CPU
		{37D91A8D-0523-482F-A862-12BAC42745B5}.Debug|Any CPU.Build.0 = Debug|Any CPU
		{37D91A8D-0523-482F-A862-12BAC42745B5}.Debug|x64.ActiveCfg = Debug|Any CPU
		{37D91A8D-0523-482F-A862-12BAC42745B5}.Debug|x64.Build.0 = Debug|Any CPU
		{37D91A8D-0523-482F-A862-12BAC42745B5}.Debug|x86.ActiveCfg = Debug|Any CPU
		{37D91A8D-0523-482F-A862-12BAC42745B5}.Debug|x86.Build.0 = Debug|Any CPU
		{37D91A8D-0523-482F-A862-12BAC42745B5}.Release|Any CPU.ActiveCfg = Release|Any CPU
		{37D91A8D-0523-482F-A862-12BAC42745B5}.Release|Any CPU.Build.0 = Release|Any CPU
		{37D91A8D-0523-482F-A862-12BAC42745B5}.Release|x64.ActiveCfg = Release|Any CPU
		{37D91A8D-0523-482F-A862-12BAC42745B5}.Release|x64.Build.0 = Release|Any CPU
		{37D91A8D-0523-482F-A862-12BAC42745B5}.Release|x86.ActiveCfg = Release|Any CPU
		{37D91A8D-0523-482F-A862-12BAC42745B5}.Release|x86.Build.0 = Release|Any CPU
	EndGlobalSection
	GlobalSection(SolutionProperties) = preSolution
		HideSolutionNode = FALSE
	EndGlobalSection
EndGlobal
